# THIS IS AN AUTOGENERATED FILE. DO NOT EDIT THIS FILE DIRECTLY.
# yarn lockfile v1


class-validator@^0.13.2:
  version "0.13.2"
  resolved "https://registry.yarnpkg.com/class-validator/-/class-validator-0.13.2.tgz#64b031e9f3f81a1e1dcd04a5d604734608b24143"
  integrity sha512-yBUcQy07FPlGzUjoLuUfIOXzgynnQPPruyK1Ge2B74k9ROwnle1E+NxLWnUv5OLU8hA/qL5leAE9XnXq3byaBw==
  dependencies:
    libphonenumber-js "^1.9.43"
    validator "^13.7.0"

libphonenumber-js@^1.9.43:
  version "1.10.37"
  resolved "https://registry.yarnpkg.com/libphonenumber-js/-/libphonenumber-js-1.10.37.tgz#185264130c9375f17d0c487a288223294579929c"
  integrity sha512-Z10PCaOCiAxbUxLyR31DNeeNugSVP6iv/m7UrSKS5JHziEMApJtgku4e9Q69pzzSC9LnQiM09sqsGf2ticZnMw==

typescript@^5.1.6:
  version "5.1.6"
  resolved "https://registry.yarnpkg.com/typescript/-/typescript-5.1.6.tgz#02f8ac202b6dad2c0dd5e0913745b47a37998274"
  integrity sha512-zaWCozRZ6DLEWAWFrVDz1H6FVXzUSfTy5FUMWsQlU8Ym5JP9eO4xkTIROFCQvhQf61z6O/G6ugw3SgAnvvm+HA==

validator@^13.7.0:
  version "13.9.0"
  resolved "https://registry.yarnpkg.com/validator/-/validator-13.9.0.tgz#33e7b85b604f3bbce9bb1a05d5c3e22e1c2ff855"
  integrity sha512-B+dGG8U3fdtM0/aNK4/X8CXq/EcxU2WPrPEkJGslb47qyHsxmbggTWK0yEA4qnYVNF+nxNlN88o14hIcPmSIEA==
