# THIS IS AN AUTOGENERATED FILE. DO NOT EDIT THIS FILE DIRECTLY.
# yarn lockfile v1


"@prisma/client@^5.0.0":
  version "5.0.0"
  resolved "https://registry.yarnpkg.com/@prisma/client/-/client-5.0.0.tgz#9f0cd4164f4ffddb28bb1811c27eb7fa1e01a087"
  integrity sha512-XlO5ELNAQ7rV4cXIDJUNBEgdLwX3pjtt9Q/RHqDpGf43szpNJx2hJnggfFs7TKNx0cOFsl6KJCSfqr5duEU/bQ==
  dependencies:
    "@prisma/engines-version" "4.17.0-26.6b0aef69b7cdfc787f822ecd7cdc76d5f1991584"

"@prisma/engines-version@4.17.0-26.6b0aef69b7cdfc787f822ecd7cdc76d5f1991584":
  version "4.17.0-26.6b0aef69b7cdfc787f822ecd7cdc76d5f1991584"
  resolved "https://registry.yarnpkg.com/@prisma/engines-version/-/engines-version-4.17.0-26.6b0aef69b7cdfc787f822ecd7cdc76d5f1991584.tgz#b36eda5620872d3fac810c302a7e46cf41daa033"
  integrity sha512-HHiUF6NixsldsP3JROq07TYBLEjXFKr6PdH8H4gK/XAoTmIplOJBCgrIUMrsRAnEuGyRoRLXKXWUb943+PFoKQ==

"@prisma/engines@5.0.0":
  version "5.0.0"
  resolved "https://registry.yarnpkg.com/@prisma/engines/-/engines-5.0.0.tgz#5249650eabe77c458c90f2be97d8210353c2e22e"
  integrity sha512-kyT/8fd0OpWmhAU5YnY7eP31brW1q1YrTGoblWrhQJDiN/1K+Z8S1kylcmtjqx5wsUGcP1HBWutayA/jtyt+sg==

prisma@^5.0.0:
  version "5.0.0"
  resolved "https://registry.yarnpkg.com/prisma/-/prisma-5.0.0.tgz#f6571c46dc2478172cb7bc1bb62d74026a2c2630"
  integrity sha512-KYWk83Fhi1FH59jSpavAYTt2eoMVW9YKgu8ci0kuUnt6Dup5Qy47pcB4/TLmiPAbhGrxxSz7gsSnJcCmkyPANA==
  dependencies:
    "@prisma/engines" "5.0.0"
